
Microsoft Visual Studio Solution File, Format Version 12.00
# Visual Studio Version 16
VisualStudioVersion = 16.0.31129.286
MinimumVisualStudioVersion = 10.0.40219.1
Project("{8BC9CEB8-8B4A-11D0-8D11-00A0C91BC942}") = "WXMessage", "WXMessage.vcxproj", "{93F38C1E-EDCA-43EF-966B-602EB9C6D0C7}"
EndProject
Global
	GlobalSection(SolutionConfigurationPlatforms) = preSolution
		Debug|x64 = Debug|x64
		Debug|x86 = Debug|x86
		Release|x64 = Release|x64
		Release|x86 = Release|x86
	EndGlobalSection
	GlobalSection(ProjectConfigurationPlatforms) = postSolution
		{93F38C1E-EDCA-43EF-966B-602EB9C6D0C7}.Debug|x64.ActiveCfg = Debug|x64
		{93F38C1E-EDCA-43EF-966B-602EB9C6D0C7}.Debug|x64.Build.0 = Debug|x64
		{93F38C1E-EDCA-43EF-966B-602EB9C6D0C7}.Debug|x86.ActiveCfg = Debug|Win32
		{93F38C1E-EDCA-43EF-966B-602EB9C6D0C7}.Debug|x86.Build.0 = Debug|Win32
		{93F38C1E-EDCA-43EF-966B-602EB9C6D0C7}.Release|x64.ActiveCfg = Release|x64
		{93F38C1E-EDCA-43EF-966B-602EB9C6D0C7}.Release|x64.Build.0 = Release|x64
		{93F38C1E-EDCA-43EF-966B-602EB9C6D0C7}.Release|x86.ActiveCfg = Release|Win32
		{93F38C1E-EDCA-43EF-966B-602EB9C6D0C7}.Release|x86.Build.0 = Release|Win32
	EndGlobalSection
	GlobalSection(SolutionProperties) = preSolution
		HideSolutionNode = FALSE
	EndGlobalSection
	GlobalSection(ExtensibilityGlobals) = postSolution
		SolutionGuid = {AB59D8A8-404D-463B-88ED-864CF5B5A874}
	EndGlobalSection
EndGlobal
